// !$*UTF8*$!
{
	archiveVersion = 1;
	classes = {
	};
	objectVersion = 46;
	objects = {

/* Begin PBXBuildFile section */
		2E790CDE1ECDE7D00098374D /* main.m in Sources */ = {isa = PBXBuildFile; fileRef = 2E790CDD1ECDE7D00098374D /* main.m */; };
		2E790CE11ECDE7D00098374D /* AppDelegate.m in Sources */ = {isa = PBXBuildFile; fileRef = 2E790CE01ECDE7D00098374D /* AppDelegate.m */; };
		2E790CE41ECDE7D00098374D /* ViewController.m in Sources */ = {isa = PBXBuildFile; fileRef = 2E790CE31ECDE7D00098374D /* ViewController.m */; };
		2E790CE71ECDE7D00098374D /* Main.storyboard in Resources */ = {isa = PBXBuildFile; fileRef = 2E790CE51ECDE7D00098374D /* Main.storyboard */; };
		2E790CE91ECDE7D00098374D /* Assets.xcassets in Resources */ = {isa = PBXBuildFile; fileRef = 2E790CE81ECDE7D00098374D /* Assets.xcassets */; };
		2E790CEC1ECDE7D00098374D /* LaunchScreen.storyboard in Resources */ = {isa = PBXBuildFile; fileRef = 2E790CEA1ECDE7D00098374D /* LaunchScreen.storyboard */; };
		2E790CF71ECDE7D00098374D /* XWSqliteDemoTests.m in Sources */ = {isa = PBXBuildFile; fileRef = 2E790CF61ECDE7D00098374D /* XWSqliteDemoTests.m */; };
		2E790D021ECDE7D00098374D /* XWSqliteDemoUITests.m in Sources */ = {isa = PBXBuildFile; fileRef = 2E790D011ECDE7D00098374D /* XWSqliteDemoUITests.m */; };
		2E790D121ECDE81D0098374D /* GiftSQLiteTool.m in Sources */ = {isa = PBXBuildFile; fileRef = 2E790D111ECDE81D0098374D /* GiftSQLiteTool.m */; };
		2E790D151ECDE8280098374D /* GiftModel.m in Sources */ = {isa = PBXBuildFile; fileRef = 2E790D141ECDE8280098374D /* GiftModel.m */; };
		2E790D201ECDEB340098374D /* XWSqliteModelTool.m in Sources */ = {isa = PBXBuildFile; fileRef = 2E790D181ECDEB340098374D /* XWSqliteModelTool.m */; };
		2E790D211ECDEB340098374D /* XWSqliteTableTool.m in Sources */ = {isa = PBXBuildFile; fileRef = 2E790D1A1ECDEB340098374D /* XWSqliteTableTool.m */; };
		2E790D221ECDEB340098374D /* XWSqliteTool.m in Sources */ = {isa = PBXBuildFile; fileRef = 2E790D1C1ECDEB340098374D /* XWSqliteTool.m */; };
		2E790D231ECDEB340098374D /* XWXModelTool.m in Sources */ = {isa = PBXBuildFile; fileRef = 2E790D1F1ECDEB340098374D /* XWXModelTool.m */; };
		2E790D261ECDEB760098374D /* libsqlite3.tbd in Frameworks */ = {isa = PBXBuildFile; fileRef = 2E790D251ECDEB760098374D /* libsqlite3.tbd */; };
		2E790D291ECDEBC20098374D /* GiftLogicTool.m in Sources */ = {isa = PBXBuildFile; fileRef = 2E790D281ECDEBC20098374D /* GiftLogicTool.m */; };
/* End PBXBuildFile section */

/* Begin PBXContainerItemProxy section */
		2E790CF31ECDE7D00098374D /* PBXContainerItemProxy */ = {
			isa = PBXContainerItemProxy;
			containerPortal = 2E790CD11ECDE7D00098374D /* Project object */;
			proxyType = 1;
			remoteGlobalIDString = 2E790CD81ECDE7D00098374D;
			remoteInfo = XWSqliteDemo;
		};
		2E790CFE1ECDE7D00098374D /* PBXContainerItemProxy */ = {
			isa = PBXContainerItemProxy;
			containerPortal = 2E790CD11ECDE7D00098374D /* Project object */;
			proxyType = 1;
			remoteGlobalIDString = 2E790CD81ECDE7D00098374D;
			remoteInfo = XWSqliteDemo;
		};
/* End PBXContainerItemProxy section */

/* Begin PBXFileReference section */
		2E790CD91ECDE7D00098374D /* XWSqliteDemo.app */ = {isa = PBXFileReference; explicitFileType = wrapper.application; includeInIndex = 0; path = XWSqliteDemo.app; sourceTree = BUILT_PRODUCTS_DIR; };
		2E790CDD1ECDE7D00098374D /* main.m */ = {isa = PBXFileReference; lastKnownFileType = sourcecode.c.objc; path = main.m; sourceTree = "<group>"; };
		2E790CDF1ECDE7D00098374D /* AppDelegate.h */ = {isa = PBXFileReference; lastKnownFileType = sourcecode.c.h; path = AppDelegate.h; sourceTree = "<group>"; };
		2E790CE01ECDE7D00098374D /* AppDelegate.m */ = {isa = PBXFileReference; lastKnownFileType = sourcecode.c.objc; path = AppDelegate.m; sourceTree = "<group>"; };
		2E790CE21ECDE7D00098374D /* ViewController.h */ = {isa = PBXFileReference; lastKnownFileType = sourcecode.c.h; path = ViewController.h; sourceTree = "<group>"; };
		2E790CE31ECDE7D00098374D /* ViewController.m */ = {isa = PBXFileReference; lastKnownFileType = sourcecode.c.objc; path = ViewController.m; sourceTree = "<group>"; };
		2E790CE61ECDE7D00098374D /* Base */ = {isa = PBXFileReference; lastKnownFileType = file.storyboard; name = Base; path = Base.lproj/Main.storyboard; sourceTree = "<group>"; };
		2E790CE81ECDE7D00098374D /* Assets.xcassets */ = {isa = PBXFileReference; lastKnownFileType = folder.assetcatalog; path = Assets.xcassets; sourceTree = "<group>"; };
		2E790CEB1ECDE7D00098374D /* Base */ = {isa = PBXFileReference; lastKnownFileType = file.storyboard; name = Base; path = Base.lproj/LaunchScreen.storyboard; sourceTree = "<group>"; };
		2E790CED1ECDE7D00098374D /* Info.plist */ = {isa = PBXFileReference; lastKnownFileType = text.plist.xml; path = Info.plist; sourceTree = "<group>"; };
		2E790CF21ECDE7D00098374D /* XWSqliteDemoTests.xctest */ = {isa = PBXFileReference; explicitFileType = wrapper.cfbundle; includeInIndex = 0; path = XWSqliteDemoTests.xctest; sourceTree = BUILT_PRODUCTS_DIR; };
		2E790CF61ECDE7D00098374D /* XWSqliteDemoTests.m */ = {isa = PBXFileReference; lastKnownFileType = sourcecode.c.objc; path = XWSqliteDemoTests.m; sourceTree = "<group>"; };
		2E790CF81ECDE7D00098374D /* Info.plist */ = {isa = PBXFileReference; lastKnownFileType = text.plist.xml; path = Info.plist; sourceTree = "<group>"; };
		2E790CFD1ECDE7D00098374D /* XWSqliteDemoUITests.xctest */ = {isa = PBXFileReference; explicitFileType = wrapper.cfbundle; includeInIndex = 0; path = XWSqliteDemoUITests.xctest; sourceTree = BUILT_PRODUCTS_DIR; };
		2E790D011ECDE7D00098374D /* XWSqliteDemoUITests.m */ = {isa = PBXFileReference; lastKnownFileType = sourcecode.c.objc; path = XWSqliteDemoUITests.m; sourceTree = "<group>"; };
		2E790D031ECDE7D00098374D /* Info.plist */ = {isa = PBXFileReference; lastKnownFileType = text.plist.xml; path = Info.plist; sourceTree = "<group>"; };
		2E790D101ECDE81D0098374D /* GiftSQLiteTool.h */ = {isa = PBXFileReference; fileEncoding = 4; lastKnownFileType = sourcecode.c.h; path = GiftSQLiteTool.h; sourceTree = "<group>"; };
		2E790D111ECDE81D0098374D /* GiftSQLiteTool.m */ = {isa = PBXFileReference; fileEncoding = 4; lastKnownFileType = sourcecode.c.objc; path = GiftSQLiteTool.m; sourceTree = "<group>"; };
		2E790D131ECDE8280098374D /* GiftModel.h */ = {isa = PBXFileReference; fileEncoding = 4; lastKnownFileType = sourcecode.c.h; path = GiftModel.h; sourceTree = "<group>"; };
		2E790D141ECDE8280098374D /* GiftModel.m */ = {isa = PBXFileReference; fileEncoding = 4; lastKnownFileType = sourcecode.c.objc; path = GiftModel.m; sourceTree = "<group>"; };
		2E790D171ECDEB340098374D /* XWSqliteModelTool.h */ = {isa = PBXFileReference; fileEncoding = 4; lastKnownFileType = sourcecode.c.h; path = XWSqliteModelTool.h; sourceTree = "<group>"; };
		2E790D181ECDEB340098374D /* XWSqliteModelTool.m */ = {isa = PBXFileReference; fileEncoding = 4; lastKnownFileType = sourcecode.c.objc; path = XWSqliteModelTool.m; sourceTree = "<group>"; };
		2E790D191ECDEB340098374D /* XWSqliteTableTool.h */ = {isa = PBXFileReference; fileEncoding = 4; lastKnownFileType = sourcecode.c.h; path = XWSqliteTableTool.h; sourceTree = "<group>"; };
		2E790D1A1ECDEB340098374D /* XWSqliteTableTool.m */ = {isa = PBXFileReference; fileEncoding = 4; lastKnownFileType = sourcecode.c.objc; path = XWSqliteTableTool.m; sourceTree = "<group>"; };
		2E790D1B1ECDEB340098374D /* XWSqliteTool.h */ = {isa = PBXFileReference; fileEncoding = 4; lastKnownFileType = sourcecode.c.h; path = XWSqliteTool.h; sourceTree = "<group>"; };
		2E790D1C1ECDEB340098374D /* XWSqliteTool.m */ = {isa = PBXFileReference; fileEncoding = 4; lastKnownFileType = sourcecode.c.objc; path = XWSqliteTool.m; sourceTree = "<group>"; };
		2E790D1D1ECDEB340098374D /* XWXModelProtocol.h */ = {isa = PBXFileReference; fileEncoding = 4; lastKnownFileType = sourcecode.c.h; path = XWXModelProtocol.h; sourceTree = "<group>"; };
		2E790D1E1ECDEB340098374D /* XWXModelTool.h */ = {isa = PBXFileReference; fileEncoding = 4; lastKnownFileType = sourcecode.c.h; path = XWXModelTool.h; sourceTree = "<group>"; };
		2E790D1F1ECDEB340098374D /* XWXModelTool.m */ = {isa = PBXFileReference; fileEncoding = 4; lastKnownFileType = sourcecode.c.objc; path = XWXModelTool.m; sourceTree = "<group>"; };
		2E790D251ECDEB760098374D /* libsqlite3.tbd */ = {isa = PBXFileReference; lastKnownFileType = "sourcecode.text-based-dylib-definition"; name = libsqlite3.tbd; path = usr/lib/libsqlite3.tbd; sourceTree = SDKROOT; };
		2E790D271ECDEBC20098374D /* GiftLogicTool.h */ = {isa = PBXFileReference; fileEncoding = 4; lastKnownFileType = sourcecode.c.h; path = GiftLogicTool.h; sourceTree = "<group>"; };
		2E790D281ECDEBC20098374D /* GiftLogicTool.m */ = {isa = PBXFileReference; fileEncoding = 4; lastKnownFileType = sourcecode.c.objc; path = GiftLogicTool.m; sourceTree = "<group>"; };
/* End PBXFileReference section */

/* Begin PBXFrameworksBuildPhase section */
		2E790CD61ECDE7D00098374D /* Frameworks */ = {
			isa = PBXFrameworksBuildPhase;
			buildActionMask = 2147483647;
			files = (
				2E790D261ECDEB760098374D /* libsqlite3.tbd in Frameworks */,
			);
			runOnlyForDeploymentPostprocessing = 0;
		};
		2E790CEF1ECDE7D00098374D /* Frameworks */ = {
			isa = PBXFrameworksBuildPhase;
			buildActionMask = 2147483647;
			files = (
			);
			runOnlyForDeploymentPostprocessing = 0;
		};
		2E790CFA1ECDE7D00098374D /* Frameworks */ = {
			isa = PBXFrameworksBuildPhase;
			buildActionMask = 2147483647;
			files = (
			);
			runOnlyForDeploymentPostprocessing = 0;
		};
/* End PBXFrameworksBuildPhase section */

/* Begin PBXGroup section */
		2E790CD01ECDE7D00098374D = {
			isa = PBXGroup;
			children = (
				2E790CDB1ECDE7D00098374D /* XWSqliteDemo */,
				2E790CF51ECDE7D00098374D /* XWSqliteDemoTests */,
				2E790D001ECDE7D00098374D /* XWSqliteDemoUITests */,
				2E790CDA1ECDE7D00098374D /* Products */,
				2E790D241ECDEB750098374D /* Frameworks */,
			);
			sourceTree = "<group>";
		};
		2E790CDA1ECDE7D00098374D /* Products */ = {
			isa = PBXGroup;
			children = (
				2E790CD91ECDE7D00098374D /* XWSqliteDemo.app */,
				2E790CF21ECDE7D00098374D /* XWSqliteDemoTests.xctest */,
				2E790CFD1ECDE7D00098374D /* XWSqliteDemoUITests.xctest */,
			);
			name = Products;
			sourceTree = "<group>";
		};
		2E790CDB1ECDE7D00098374D /* XWSqliteDemo */ = {
			isa = PBXGroup;
			children = (
				2E790D161ECDEB340098374D /* XWSqliteTool */,
				2E790D0F1ECDE80C0098374D /* GiftSQLiteTool */,
				2E790CDF1ECDE7D00098374D /* AppDelegate.h */,
				2E790CE01ECDE7D00098374D /* AppDelegate.m */,
				2E790CE21ECDE7D00098374D /* ViewController.h */,
				2E790CE31ECDE7D00098374D /* ViewController.m */,
				2E790CE51ECDE7D00098374D /* Main.storyboard */,
				2E790CE81ECDE7D00098374D /* Assets.xcassets */,
				2E790CEA1ECDE7D00098374D /* LaunchScreen.storyboard */,
				2E790CED1ECDE7D00098374D /* Info.plist */,
				2E790CDC1ECDE7D00098374D /* Supporting Files */,
				2E790D271ECDEBC20098374D /* GiftLogicTool.h */,
				2E790D281ECDEBC20098374D /* GiftLogicTool.m */,
			);
			path = XWSqliteDemo;
			sourceTree = "<group>";
		};
		2E790CDC1ECDE7D00098374D /* Supporting Files */ = {
			isa = PBXGroup;
			children = (
				2E790CDD1ECDE7D00098374D /* main.m */,
			);
			name = "Supporting Files";
			sourceTree = "<group>";
		};
		2E790CF51ECDE7D00098374D /* XWSqliteDemoTests */ = {
			isa = PBXGroup;
			children = (
				2E790CF61ECDE7D00098374D /* XWSqliteDemoTests.m */,
				2E790CF81ECDE7D00098374D /* Info.plist */,
			);
			path = XWSqliteDemoTests;
			sourceTree = "<group>";
		};
		2E790D001ECDE7D00098374D /* XWSqliteDemoUITests */ = {
			isa = PBXGroup;
			children = (
				2E790D011ECDE7D00098374D /* XWSqliteDemoUITests.m */,
				2E790D031ECDE7D00098374D /* Info.plist */,
			);
			path = XWSqliteDemoUITests;
			sourceTree = "<group>";
		};
		2E790D0F1ECDE80C0098374D /* GiftSQLiteTool */ = {
			isa = PBXGroup;
			children = (
				2E790D131ECDE8280098374D /* GiftModel.h */,
				2E790D141ECDE8280098374D /* GiftModel.m */,
				2E790D101ECDE81D0098374D /* GiftSQLiteTool.h */,
				2E790D111ECDE81D0098374D /* GiftSQLiteTool.m */,
			);
			path = GiftSQLiteTool;
			sourceTree = "<group>";
		};
		2E790D161ECDEB340098374D /* XWSqliteTool */ = {
			isa = PBXGroup;
			children = (
				2E790D171ECDEB340098374D /* XWSqliteModelTool.h */,
				2E790D181ECDEB340098374D /* XWSqliteModelTool.m */,
				2E790D191ECDEB340098374D /* XWSqliteTableTool.h */,
				2E790D1A1ECDEB340098374D /* XWSqliteTableTool.m */,
				2E790D1B1ECDEB340098374D /* XWSqliteTool.h */,
				2E790D1C1ECDEB340098374D /* XWSqliteTool.m */,
				2E790D1D1ECDEB340098374D /* XWXModelProtocol.h */,
				2E790D1E1ECDEB340098374D /* XWXModelTool.h */,
				2E790D1F1ECDEB340098374D /* XWXModelTool.m */,
			);
			path = XWSqliteTool;
			sourceTree = "<group>";
		};
		2E790D241ECDEB750098374D /* Frameworks */ = {
			isa = PBXGroup;
			children = (
				2E790D251ECDEB760098374D /* libsqlite3.tbd */,
			);
			name = Frameworks;
			sourceTree = "<group>";
		};
/* End PBXGroup section */

/* Begin PBXNativeTarget section */
		2E790CD81ECDE7D00098374D /* XWSqliteDemo */ = {
			isa = PBXNativeTarget;
			buildConfigurationList = 2E790D061ECDE7D00098374D /* Build configuration list for PBXNativeTarget "XWSqliteDemo" */;
			buildPhases = (
				2E790CD51ECDE7D00098374D /* Sources */,
				2E790CD61ECDE7D00098374D /* Frameworks */,
				2E790CD71ECDE7D00098374D /* Resources */,
			);
			buildRules = (
			);
			dependencies = (
			);
			name = XWSqliteDemo;
			productName = XWSqliteDemo;
			productReference = 2E790CD91ECDE7D00098374D /* XWSqliteDemo.app */;
			productType = "com.apple.product-type.application";
		};
		2E790CF11ECDE7D00098374D /* XWSqliteDemoTests */ = {
			isa = PBXNativeTarget;
			buildConfigurationList = 2E790D091ECDE7D00098374D /* Build configuration list for PBXNativeTarget "XWSqliteDemoTests" */;
			buildPhases = (
				2E790CEE1ECDE7D00098374D /* Sources */,
				2E790CEF1ECDE7D00098374D /* Frameworks */,
				2E790CF01ECDE7D00098374D /* Resources */,
			);
			buildRules = (
			);
			dependencies = (
				2E790CF41ECDE7D00098374D /* PBXTargetDependency */,
			);
			name = XWSqliteDemoTests;
			productName = XWSqliteDemoTests;
			productReference = 2E790CF21ECDE7D00098374D /* XWSqliteDemoTests.xctest */;
			productType = "com.apple.product-type.bundle.unit-test";
		};
		2E790CFC1ECDE7D00098374D /* XWSqliteDemoUITests */ = {
			isa = PBXNativeTarget;
			buildConfigurationList = 2E790D0C1ECDE7D00098374D /* Build configuration list for PBXNativeTarget "XWSqliteDemoUITests" */;
			buildPhases = (
				2E790CF91ECDE7D00098374D /* Sources */,
				2E790CFA1ECDE7D00098374D /* Frameworks */,
				2E790CFB1ECDE7D00098374D /* Resources */,
			);
			buildRules = (
			);
			dependencies = (
				2E790CFF1ECDE7D00098374D /* PBXTargetDependency */,
			);
			name = XWSqliteDemoUITests;
			productName = XWSqliteDemoUITests;
			productReference = 2E790CFD1ECDE7D00098374D /* XWSqliteDemoUITests.xctest */;
			productType = "com.apple.product-type.bundle.ui-testing";
		};
/* End PBXNativeTarget section */

/* Begin PBXProject section */
		2E790CD11ECDE7D00098374D /* Project object */ = {
			isa = PBXProject;
			attributes = {
				LastUpgradeCheck = 0830;
				ORGANIZATIONNAME = "邱学伟";
				TargetAttributes = {
					2E790CD81ECDE7D00098374D = {
						CreatedOnToolsVersion = 8.3.2;
						DevelopmentTeam = 83Z5ZTG53K;
						ProvisioningStyle = Automatic;
					};
					2E790CF11ECDE7D00098374D = {
						CreatedOnToolsVersion = 8.3.2;
						DevelopmentTeam = 83Z5ZTG53K;
						ProvisioningStyle = Automatic;
						TestTargetID = 2E790CD81ECDE7D00098374D;
					};
					2E790CFC1ECDE7D00098374D = {
						CreatedOnToolsVersion = 8.3.2;
						DevelopmentTeam = 83Z5ZTG53K;
						ProvisioningStyle = Automatic;
						TestTargetID = 2E790CD81ECDE7D00098374D;
					};
				};
			};
			buildConfigurationList = 2E790CD41ECDE7D00098374D /* Build configuration list for PBXProject "XWSqliteDemo" */;
			compatibilityVersion = "Xcode 3.2";
			developmentRegion = English;
			hasScannedForEncodings = 0;
			knownRegions = (
				en,
				Base,
			);
			mainGroup = 2E790CD01ECDE7D00098374D;
			productRefGroup = 2E790CDA1ECDE7D00098374D /* Products */;
			projectDirPath = "";
			projectRoot = "";
			targets = (
				2E790CD81ECDE7D00098374D /* XWSqliteDemo */,
				2E790CF11ECDE7D00098374D /* XWSqliteDemoTests */,
				2E790CFC1ECDE7D00098374D /* XWSqliteDemoUITests */,
			);
		};
/* End PBXProject section */

/* Begin PBXResourcesBuildPhase section */
		2E790CD71ECDE7D00098374D /* Resources */ = {
			isa = PBXResourcesBuildPhase;
			buildActionMask = 2147483647;
			files = (
				2E790CEC1ECDE7D00098374D /* LaunchScreen.storyboard in Resources */,
				2E790CE91ECDE7D00098374D /* Assets.xcassets in Resources */,
				2E790CE71ECDE7D00098374D /* Main.storyboard in Resources */,
			);
			runOnlyForDeploymentPostprocessing = 0;
		};
		2E790CF01ECDE7D00098374D /* Resources */ = {
			isa = PBXResourcesBuildPhase;
			buildActionMask = 2147483647;
			files = (
			);
			runOnlyForDeploymentPostprocessing = 0;
		};
		2E790CFB1ECDE7D00098374D /* Resources */ = {
			isa = PBXResourcesBuildPhase;
			buildActionMask = 2147483647;
			files = (
			);
			runOnlyForDeploymentPostprocessing = 0;
		};
/* End PBXResourcesBuildPhase section */

/* Begin PBXSourcesBuildPhase section */
		2E790CD51ECDE7D00098374D /* Sources */ = {
			isa = PBXSourcesBuildPhase;
			buildActionMask = 2147483647;
			files = (
				2E790D291ECDEBC20098374D /* GiftLogicTool.m in Sources */,
				2E790D221ECDEB340098374D /* XWSqliteTool.m in Sources */,
				2E790CE41ECDE7D00098374D /* ViewController.m in Sources */,
				2E790D121ECDE81D0098374D /* GiftSQLiteTool.m in Sources */,
				2E790D211ECDEB340098374D /* XWSqliteTableTool.m in Sources */,
				2E790CE11ECDE7D00098374D /* AppDelegate.m in Sources */,
				2E790D151ECDE8280098374D /* GiftModel.m in Sources */,
				2E790D231ECDEB340098374D /* XWXModelTool.m in Sources */,
				2E790D201ECDEB340098374D /* XWSqliteModelTool.m in Sources */,
				2E790CDE1ECDE7D00098374D /* main.m in Sources */,
			);
			runOnlyForDeploymentPostprocessing = 0;
		};
		2E790CEE1ECDE7D00098374D /* Sources */ = {
			isa = PBXSourcesBuildPhase;
			buildActionMask = 2147483647;
			files = (
				2E790CF71ECDE7D00098374D /* XWSqliteDemoTests.m in Sources */,
			);
			runOnlyForDeploymentPostprocessing = 0;
		};
		2E790CF91ECDE7D00098374D /* Sources */ = {
			isa = PBXSourcesBuildPhase;
			buildActionMask = 2147483647;
			files = (
				2E790D021ECDE7D00098374D /* XWSqliteDemoUITests.m in Sources */,
			);
			runOnlyForDeploymentPostprocessing = 0;
		};
/* End PBXSourcesBuildPhase section */

/* Begin PBXTargetDependency section */
		2E790CF41ECDE7D00098374D /* PBXTargetDependency */ = {
			isa = PBXTargetDependency;
			target = 2E790CD81ECDE7D00098374D /* XWSqliteDemo */;
			targetProxy = 2E790CF31ECDE7D00098374D /* PBXContainerItemProxy */;
		};
		2E790CFF1ECDE7D00098374D /* PBXTargetDependency */ = {
			isa = PBXTargetDependency;
			target = 2E790CD81ECDE7D00098374D /* XWSqliteDemo */;
			targetProxy = 2E790CFE1ECDE7D00098374D /* PBXContainerItemProxy */;
		};
/* End PBXTargetDependency section */

/* Begin PBXVariantGroup section */
		2E790CE51ECDE7D00098374D /* Main.storyboard */ = {
			isa = PBXVariantGroup;
			children = (
				2E790CE61ECDE7D00098374D /* Base */,
			);
			name = Main.storyboard;
			sourceTree = "<group>";
		};
		2E790CEA1ECDE7D00098374D /* LaunchScreen.storyboard */ = {
			isa = PBXVariantGroup;
			children = (
				2E790CEB1ECDE7D00098374D /* Base */,
			);
			name = LaunchScreen.storyboard;
			sourceTree = "<group>";
		};
/* End PBXVariantGroup section */

/* Begin XCBuildConfiguration section */
		2E790D041ECDE7D00098374D /* Debug */ = {
			isa = XCBuildConfiguration;
			buildSettings = {
				ALWAYS_SEARCH_USER_PATHS = NO;
				CLANG_ANALYZER_NONNULL = YES;
				CLANG_ANALYZER_NUMBER_OBJECT_CONVERSION = YES_AGGRESSIVE;
				CLANG_CXX_LANGUAGE_STANDARD = "gnu++0x";
				CLANG_CXX_LIBRARY = "libc++";
				CLANG_ENABLE_MODULES = YES;
				CLANG_ENABLE_OBJC_ARC = YES;
				CLANG_WARN_BOOL_CONVERSION = YES;
				CLANG_WARN_CONSTANT_CONVERSION = YES;
				CLANG_WARN_DIRECT_OBJC_ISA_USAGE = YES_ERROR;
				CLANG_WARN_DOCUMENTATION_COMMENTS = YES;
				CLANG_WARN_EMPTY_BODY = YES;
				CLANG_WARN_ENUM_CONVERSION = YES;
				CLANG_WARN_INFINITE_RECURSION = YES;
				CLANG_WARN_INT_CONVERSION = YES;
				CLANG_WARN_OBJC_ROOT_CLASS = YES_ERROR;
				CLANG_WARN_SUSPICIOUS_MOVE = YES;
				CLANG_WARN_UNREACHABLE_CODE = YES;
				CLANG_WARN__DUPLICATE_METHOD_MATCH = YES;
				"CODE_SIGN_IDENTITY[sdk=iphoneos*]" = "iPhone Developer";
				COPY_PHASE_STRIP = NO;
				DEBUG_INFORMATION_FORMAT = dwarf;
				ENABLE_STRICT_OBJC_MSGSEND = YES;
				ENABLE_TESTABILITY = YES;
				GCC_C_LANGUAGE_STANDARD = gnu99;
				GCC_DYNAMIC_NO_PIC = NO;
				GCC_NO_COMMON_BLOCKS = YES;
				GCC_OPTIMIZATION_LEVEL = 0;
				GCC_PREPROCESSOR_DEFINITIONS = (
					"DEBUG=1",
					"$(inherited)",
				);
				GCC_WARN_64_TO_32_BIT_CONVERSION = YES;
				GCC_WARN_ABOUT_RETURN_TYPE = YES_ERROR;
				GCC_WARN_UNDECLARED_SELECTOR = YES;
				GCC_WARN_UNINITIALIZED_AUTOS = YES_AGGRESSIVE;
				GCC_WARN_UNUSED_FUNCTION = YES;
				GCC_WARN_UNUSED_VARIABLE = YES;
				IPHONEOS_DEPLOYMENT_TARGET = 10.3;
				MTL_ENABLE_DEBUG_INFO = YES;
				ONLY_ACTIVE_ARCH = YES;
				SDKROOT = iphoneos;
			};
			name = Debug;
		};
		2E790D051ECDE7D00098374D /* Release */ = {
			isa = XCBuildConfiguration;
			buildSettings = {
				ALWAYS_SEARCH_USER_PATHS = NO;
				CLANG_ANALYZER_NONNULL = YES;
				CLANG_ANALYZER_NUMBER_OBJECT_CONVERSION = YES_AGGRESSIVE;
				CLANG_CXX_LANGUAGE_STANDARD = "gnu++0x";
				CLANG_CXX_LIBRARY = "libc++";
				CLANG_ENABLE_MODULES = YES;
				CLANG_ENABLE_OBJC_ARC = YES;
				CLANG_WARN_BOOL_CONVERSION = YES;
				CLANG_WARN_CONSTANT_CONVERSION = YES;
				CLANG_WARN_DIRECT_OBJC_ISA_USAGE = YES_ERROR;
				CLANG_WARN_DOCUMENTATION_COMMENTS = YES;
				CLANG_WARN_EMPTY_BODY = YES;
				CLANG_WARN_ENUM_CONVERSION = YES;
				CLANG_WARN_INFINITE_RECURSION = YES;
				CLANG_WARN_INT_CONVERSION = YES;
				CLANG_WARN_OBJC_ROOT_CLASS = YES_ERROR;
				CLANG_WARN_SUSPICIOUS_MOVE = YES;
				CLANG_WARN_UNREACHABLE_CODE = YES;
				CLANG_WARN__DUPLICATE_METHOD_MATCH = YES;
				"CODE_SIGN_IDENTITY[sdk=iphoneos*]" = "iPhone Developer";
				COPY_PHASE_STRIP = NO;
				DEBUG_INFORMATION_FORMAT = "dwarf-with-dsym";
				ENABLE_NS_ASSERTIONS = NO;
				ENABLE_STRICT_OBJC_MSGSEND = YES;
				GCC_C_LANGUAGE_STANDARD = gnu99;
				GCC_NO_COMMON_BLOCKS = YES;
				GCC_WARN_64_TO_32_BIT_CONVERSION = YES;
				GCC_WARN_ABOUT_RETURN_TYPE = YES_ERROR;
				GCC_WARN_UNDECLARED_SELECTOR = YES;
				GCC_WARN_UNINITIALIZED_AUTOS = YES_AGGRESSIVE;
				GCC_WARN_UNUSED_FUNCTION = YES;
				GCC_WARN_UNUSED_VARIABLE = YES;
				IPHONEOS_DEPLOYMENT_TARGET = 10.3;
				MTL_ENABLE_DEBUG_INFO = NO;
				SDKROOT = iphoneos;
				VALIDATE_PRODUCT = YES;
			};
			name = Release;
		};
		2E790D071ECDE7D00098374D /* Debug */ = {
			isa = XCBuildConfiguration;
			buildSettings = {
				ASSETCATALOG_COMPILER_APPICON_NAME = AppIcon;
				DEVELOPMENT_TEAM = 83Z5ZTG53K;
				INFOPLIST_FILE = XWSqliteDemo/Info.plist;
				LD_RUNPATH_SEARCH_PATHS = "$(inherited) @executable_path/Frameworks";
				PRODUCT_BUNDLE_IDENTIFIER = com.qiuxuewei.XWSqliteDemo;
				PRODUCT_NAME = "$(TARGET_NAME)";
			};
			name = Debug;
		};
		2E790D081ECDE7D00098374D /* Release */ = {
			isa = XCBuildConfiguration;
			buildSettings = {
				ASSETCATALOG_COMPILER_APPICON_NAME = AppIcon;
				DEVELOPMENT_TEAM = 83Z5ZTG53K;
				INFOPLIST_FILE = XWSqliteDemo/Info.plist;
				LD_RUNPATH_SEARCH_PATHS = "$(inherited) @executable_path/Frameworks";
				PRODUCT_BUNDLE_IDENTIFIER = com.qiuxuewei.XWSqliteDemo;
				PRODUCT_NAME = "$(TARGET_NAME)";
			};
			name = Release;
		};
		2E790D0A1ECDE7D00098374D /* Debug */ = {
			isa = XCBuildConfiguration;
			buildSettings = {
				BUNDLE_LOADER = "$(TEST_HOST)";
				DEVELOPMENT_TEAM = 83Z5ZTG53K;
				INFOPLIST_FILE = XWSqliteDemoTests/Info.plist;
				LD_RUNPATH_SEARCH_PATHS = "$(inherited) @executable_path/Frameworks @loader_path/Frameworks";
				PRODUCT_BUNDLE_IDENTIFIER = com.qiuxuewei.XWSqliteDemoTests;
				PRODUCT_NAME = "$(TARGET_NAME)";
				TEST_HOST = "$(BUILT_PRODUCTS_DIR)/XWSqliteDemo.app/XWSqliteDemo";
			};
			name = Debug;
		};
		2E790D0B1ECDE7D00098374D /* Release */ = {
			isa = XCBuildConfiguration;
			buildSettings = {
				BUNDLE_LOADER = "$(TEST_HOST)";
				DEVELOPMENT_TEAM = 83Z5ZTG53K;
				INFOPLIST_FILE = XWSqliteDemoTests/Info.plist;
				LD_RUNPATH_SEARCH_PATHS = "$(inherited) @executable_path/Frameworks @loader_path/Frameworks";
				PRODUCT_BUNDLE_IDENTIFIER = com.qiuxuewei.XWSqliteDemoTests;
				PRODUCT_NAME = "$(TARGET_NAME)";
				TEST_HOST = "$(BUILT_PRODUCTS_DIR)/XWSqliteDemo.app/XWSqliteDemo";
			};
			name = Release;
		};
		2E790D0D1ECDE7D00098374D /* Debug */ = {
			isa = XCBuildConfiguration;
			buildSettings = {
				DEVELOPMENT_TEAM = 83Z5ZTG53K;
				INFOPLIST_FILE = XWSqliteDemoUITests/Info.plist;
				LD_RUNPATH_SEARCH_PATHS = "$(inherited) @executable_path/Frameworks @loader_path/Frameworks";
				PRODUCT_BUNDLE_IDENTIFIER = com.qiuxuewei.XWSqliteDemoUITests;
				PRODUCT_NAME = "$(TARGET_NAME)";
				TEST_TARGET_NAME = XWSqliteDemo;
			};
			name = Debug;
		};
		2E790D0E1ECDE7D00098374D /* Release */ = {
			isa = XCBuildConfiguration;
			buildSettings = {
				DEVELOPMENT_TEAM = 83Z5ZTG53K;
				INFOPLIST_FILE = XWSqliteDemoUITests/Info.plist;
				LD_RUNPATH_SEARCH_PATHS = "$(inherited) @executable_path/Frameworks @loader_path/Frameworks";
				PRODUCT_BUNDLE_IDENTIFIER = com.qiuxuewei.XWSqliteDemoUITests;
				PRODUCT_NAME = "$(TARGET_NAME)";
				TEST_TARGET_NAME = XWSqliteDemo;
			};
			name = Release;
		};
/* End XCBuildConfiguration section */

/* Begin XCConfigurationList section */
		2E790CD41ECDE7D00098374D /* Build configuration list for PBXProject "XWSqliteDemo" */ = {
			isa = XCConfigurationList;
			buildConfigurations = (
				2E790D041ECDE7D00098374D /* Debug */,
				2E790D051ECDE7D00098374D /* Release */,
			);
			defaultConfigurationIsVisible = 0;
			defaultConfigurationName = Release;
		};
		2E790D061ECDE7D00098374D /* Build configuration list for PBXNativeTarget "XWSqliteDemo" */ = {
			isa = XCConfigurationList;
			buildConfigurations = (
				2E790D071ECDE7D00098374D /* Debug */,
				2E790D081ECDE7D00098374D /* Release */,
			);
			defaultConfigurationIsVisible = 0;
		};
		2E790D091ECDE7D00098374D /* Build configuration list for PBXNativeTarget "XWSqliteDemoTests" */ = {
			isa = XCConfigurationList;
			buildConfigurations = (
				2E790D0A1ECDE7D00098374D /* Debug */,
				2E790D0B1ECDE7D00098374D /* Release */,
			);
			defaultConfigurationIsVisible = 0;
		};
		2E790D0C1ECDE7D00098374D /* Build configuration list for PBXNativeTarget "XWSqliteDemoUITests" */ = {
			isa = XCConfigurationList;
			buildConfigurations = (
				2E790D0D1ECDE7D00098374D /* Debug */,
				2E790D0E1ECDE7D00098374D /* Release */,
			);
			defaultConfigurationIsVisible = 0;
		};
/* End XCConfigurationList section */
	};
	rootObject = 2E790CD11ECDE7D00098374D /* Project object */;
}
